
Microsoft Visual Studio Solution File, Format Version 12.00
# Visual Studio 15
Project("{FAE04EC0-301F-11D3-BF4B-00C04F79EFBC}") = "Assembly-CSharp", "Assembly-CSharp.csproj", "{CFD1ADB7-091A-F151-0550-2C8A41700D83}"
EndProject
Project("{FAE04EC0-301F-11D3-BF4B-00C04F79EFBC}") = "Assembly-CSharp-Editor", "Assembly-CSharp-Editor.csproj", "{1988042C-A7B7-6844-29F8-0AA27CC11BEC}"
EndProject
Global
	GlobalSection(SolutionConfigurationPlatforms) = preSolution
		Debug|Any CPU = Debug|Any CPU
		Release|Any CPU = Release|Any CPU
	EndGlobalSection
	GlobalSection(ProjectConfigurationPlatforms) = postSolution
		{CFD1ADB7-091A-F151-0550-2C8A41700D83}.Debug|Any CPU.ActiveCfg = Debug|Any CPU
		{CFD1ADB7-091A-F151-0550-2C8A41700D83}.Debug|Any CPU.Build.0 = Debug|Any CPU
		{CFD1ADB7-091A-F151-0550-2C8A41700D83}.Release|Any CPU.ActiveCfg = Release|Any CPU
		{CFD1ADB7-091A-F151-0550-2C8A41700D83}.Release|Any CPU.Build.0 = Release|Any CPU
		{1988042C-A7B7-6844-29F8-0AA27CC11BEC}.Debug|Any CPU.ActiveCfg = Debug|Any CPU
		{1988042C-A7B7-6844-29F8-0AA27CC11BEC}.Debug|Any CPU.Build.0 = Debug|Any CPU
		{1988042C-A7B7-6844-29F8-0AA27CC11BEC}.Release|Any CPU.ActiveCfg = Release|Any CPU
		{1988042C-A7B7-6844-29F8-0AA27CC11BEC}.Release|Any CPU.Build.0 = Release|Any CPU
	EndGlobalSection
	GlobalSection(SolutionProperties) = preSolution
		HideSolutionNode = FALSE
	EndGlobalSection
	GlobalSection(MonoDevelopProperties) = preSolution
		StartupItem = Assembly-CSharp.csproj
	EndGlobalSection
EndGlobal
